
Microsoft Visual Studio Solution File, Format Version 12.00
# Visual Studio Version 16
VisualStudioVersion = 16.0.30225.117
MinimumVisualStudioVersion = 10.0.40219.1
Project("{FAE04EC0-301F-11D3-BF4B-00C04F79EFBC}") = "AdminToolManagementStudio", "AdminToolManagementStudio\AdminToolManagementStudio.csproj", "{61DE5D92-D37C-4DBE-8624-E0A5243A7DCB}"
EndProject
Global
	GlobalSection(SolutionConfigurationPlatforms) = preSolution
		Debug|Any CPU = Debug|Any CPU
		Release|Any CPU = Release|Any CPU
	EndGlobalSection
	GlobalSection(ProjectConfigurationPlatforms) = postSolution
		{61DE5D92-D37C-4DBE-8624-E0A5243A7DCB}.Debug|Any CPU.ActiveCfg = Debug|Any CPU
		{61DE5D92-D37C-4DBE-8624-E0A5243A7DCB}.Debug|Any CPU.Build.0 = Debug|Any CPU
		{61DE5D92-D37C-4DBE-8624-E0A5243A7DCB}.Release|Any CPU.ActiveCfg = Release|Any CPU
		{61DE5D92-D37C-4DBE-8624-E0A5243A7DCB}.Release|Any CPU.Build.0 = Release|Any CPU
	EndGlobalSection
	GlobalSection(SolutionProperties) = preSolution
		HideSolutionNode = FALSE
	EndGlobalSection
	GlobalSection(ExtensibilityGlobals) = postSolution
		SolutionGuid = {D5319CEF-ED6E-4EFD-8ED0-6AC19354A5C1}
	EndGlobalSection
EndGlobal
